{
  "name": "bibar-omega",
  "version": "1.0.0",
  "lockfileVersion": 1,
  "requires": true,
  "dependencies": {
    "apprun": {
      "version": "3.23.2",
      "resolved": "https://registry.npmjs.org/apprun/-/apprun-3.23.2.tgz",
      "integrity": "sha512-1zvYMnIAfcdmPlR3VAPegWlC1AvkeVzyHcPNiPgTTPwlCx0hzmb449NmhDOj/40KXSNYCtv+On106O1tOkprtg==",
      "requires": {
        "commander": "^2.20.0",
        "lit-html": "^1.1.2"
      },
      "dependencies": {
        "commander": {
          "version": "2.20.3",
          "resolved": "https://registry.npmjs.org/commander/-/commander-2.20.3.tgz",
          "integrity": "sha512-GpVkmM8vF2vQUkj2LvZmD35JxeJOLCwJ9cUkugyk2nuhbv3+mJvpLYYt+0+USMxE+oj+ey/lJEnhZw75x/OMcQ=="
        }
      }
    },
    "classnames": {
      "version": "2.2.6",
      "resolved": "https://registry.npmjs.org/classnames/-/classnames-2.2.6.tgz",
      "integrity": "sha512-JR/iSQOSt+LQIWwrwEzJ9uk0xfN3mTVYMwt1Ir5mUcSN6pU+V4zQFFaJsclJbPuAUQH+yfWef6tm7l1quW3C8Q=="
    },
    "commander": {
      "version": "2.20.3",
      "resolved": "https://registry.npmjs.org/commander/-/commander-2.20.3.tgz",
      "integrity": "sha512-GpVkmM8vF2vQUkj2LvZmD35JxeJOLCwJ9cUkugyk2nuhbv3+mJvpLYYt+0+USMxE+oj+ey/lJEnhZw75x/OMcQ==",
      "optional": true
    },
    "core-js": {
      "version": "3.6.4",
      "resolved": "https://registry.npmjs.org/core-js/-/core-js-3.6.4.tgz",
      "integrity": "sha512-4paDGScNgZP2IXXilaffL9X7968RuvwlkK3xWtZRVqgd8SYNiVKRJvkFd1aqqEuPfN7E68ZHEp9hDj6lHj4Hyw=="
    },
    "feather-icons": {
      "version": "4.26.0",
      "resolved": "https://registry.npmjs.org/feather-icons/-/feather-icons-4.26.0.tgz",
      "integrity": "sha512-yojf2HBoPipo3H3To83TxYf+8DNtKVwk8fk31HdcfICKkB2I2wIigo637v9WzcFeog6E5FATrQvS7YFdSVs9ew==",
      "requires": {
        "classnames": "^2.2.5",
        "core-js": "^3.1.3"
      }
    },
    "handlebars": {
      "version": "4.7.3",
      "resolved": "https://registry.npmjs.org/handlebars/-/handlebars-4.7.3.tgz",
      "integrity": "sha512-SRGwSYuNfx8DwHD/6InAPzD6RgeruWLT+B8e8a7gGs8FWgHzlExpTFMEq2IA6QpAfOClpKHy6+8IqTjeBCu6Kg==",
      "requires": {
        "neo-async": "^2.6.0",
        "optimist": "^0.6.1",
        "source-map": "^0.6.1",
        "uglify-js": "^3.1.4"
      }
    },
    "lit-html": {
      "version": "1.2.1",
      "resolved": "https://registry.npmjs.org/lit-html/-/lit-html-1.2.1.tgz",
      "integrity": "sha512-GSJHHXMGLZDzTRq59IUfL9FCdAlGfqNp/dEa7k7aBaaWD+JKaCjsAk9KYm2V12ItonVaYx2dprN66Zdm1AuBTQ=="
    },
    "marked": {
      "version": "0.8.2",
      "resolved": "https://registry.npmjs.org/marked/-/marked-0.8.2.tgz",
      "integrity": "sha512-EGwzEeCcLniFX51DhTpmTom+dSA/MG/OBUDjnWtHbEnjAH180VzUeAw+oE4+Zv+CoYBWyRlYOTR0N8SO9R1PVw==",
      "dev": true
    },
    "minimist": {
      "version": "0.0.10",
      "resolved": "https://registry.npmjs.org/minimist/-/minimist-0.0.10.tgz",
      "integrity": "sha1-3j+YVD2/lggr5IrRoMfNqDYwHc8="
    },
    "neo-async": {
      "version": "2.6.1",
      "resolved": "https://registry.npmjs.org/neo-async/-/neo-async-2.6.1.tgz",
      "integrity": "sha512-iyam8fBuCUpWeKPGpaNMetEocMt364qkCsfL9JuhjXX6dRnguRVOfk2GZaDpPjcOKiiXCPINZC1GczQ7iTq3Zw=="
    },
    "optimist": {
      "version": "0.6.1",
      "resolved": "https://registry.npmjs.org/optimist/-/optimist-0.6.1.tgz",
      "integrity": "sha1-2j6nRob6IaGaERwybpDrFaAZZoY=",
      "requires": {
        "minimist": "~0.0.1",
        "wordwrap": "~0.0.2"
      }
    },
    "source-map": {
      "version": "0.6.1",
      "resolved": "https://registry.npmjs.org/source-map/-/source-map-0.6.1.tgz",
      "integrity": "sha512-UjgapumWlbMhkBgzT7Ykc5YXUT46F0iKu8SGXq0bcwP5dz/h0Plj6enJqjz1Zbq2l5WaqYnrVbwWOWMyF3F47g=="
    },
    "uglify-js": {
      "version": "3.8.0",
      "resolved": "https://registry.npmjs.org/uglify-js/-/uglify-js-3.8.0.tgz",
      "integrity": "sha512-ugNSTT8ierCsDHso2jkBHXYrU8Y5/fY2ZUprfrJUiD7YpuFvV4jODLFmb3h4btQjqr5Nh4TX4XtgDfCU1WdioQ==",
      "optional": true,
      "requires": {
        "commander": "~2.20.3",
        "source-map": "~0.6.1"
      }
    },
    "wordwrap": {
      "version": "0.0.3",
      "resolved": "https://registry.npmjs.org/wordwrap/-/wordwrap-0.0.3.tgz",
      "integrity": "sha1-o9XabNXAvAAI03I0u68b7WMFkQc="
    }
  }
}
