{
  "name": "bibar-omega",
  "version": "1.0.0",
  "lockfileVersion": 1,
  "requires": true,
  "dependencies": {
    "apprun": {
      "version": "3.23.2",
      "resolved": "https://registry.npmjs.org/apprun/-/apprun-3.23.2.tgz",
      "integrity": "sha512-1zvYMnIAfcdmPlR3VAPegWlC1AvkeVzyHcPNiPgTTPwlCx0hzmb449NmhDOj/40KXSNYCtv+On106O1tOkprtg==",
      "requires": {
        "commander": "^2.20.0",
        "lit-html": "^1.1.2"
      },
      "dependencies": {
        "commander": {
          "version": "2.20.3",
          "resolved": "https://registry.npmjs.org/commander/-/commander-2.20.3.tgz",
          "integrity": "sha512-GpVkmM8vF2vQUkj2LvZmD35JxeJOLCwJ9cUkugyk2nuhbv3+mJvpLYYt+0+USMxE+oj+ey/lJEnhZw75x/OMcQ=="
        }
      }
    },
    "lit-html": {
      "version": "1.2.1",
      "resolved": "https://registry.npmjs.org/lit-html/-/lit-html-1.2.1.tgz",
      "integrity": "sha512-GSJHHXMGLZDzTRq59IUfL9FCdAlGfqNp/dEa7k7aBaaWD+JKaCjsAk9KYm2V12ItonVaYx2dprN66Zdm1AuBTQ=="
    }
  }
}
